
Microsoft Visual Studio Solution File, Format Version 12.00
# Visual Studio Version 16
VisualStudioVersion = 16.0.29905.134
MinimumVisualStudioVersion = 10.0.40219.1
Project("{FAE04EC0-301F-11D3-BF4B-00C04F79EFBC}") = "ARZHD.UWP", "ARZHD\ARZHD.UWP\ARZHD.UWP.csproj", "{7C0A3054-5FBA-4B17-91F0-BA4E4F572337}"
EndProject
Project("{FAE04EC0-301F-11D3-BF4B-00C04F79EFBC}") = "ARZHD.Android", "ARZHD\ARZHD.Android\ARZHD.Android.csproj", "{EF136EB8-99F2-472F-A79F-C09102AA2F89}"
EndProject
Project("{FAE04EC0-301F-11D3-BF4B-00C04F79EFBC}") = "ARZHD.iOS", "ARZHD\ARZHD.iOS\ARZHD.iOS.csproj", "{6B5A189F-FD5F-430E-8C8C-4881204024DF}"
EndProject
Project("{FAE04EC0-301F-11D3-BF4B-00C04F79EFBC}") = "ARZHD", "ARZHD\ARZHD\ARZHD.csproj", "{5FC228BA-B0CB-4BBC-B9D2-068E8364EB7E}"
EndProject
Global
	GlobalSection(SolutionConfigurationPlatforms) = preSolution
		Debug|Any CPU = Debug|Any CPU
		Debug|ARM = Debug|ARM
		Debug|iPhone = Debug|iPhone
		Debug|iPhoneSimulator = Debug|iPhoneSimulator
		Debug|x64 = Debug|x64
		Debug|x86 = Debug|x86
		Release|Any CPU = Release|Any CPU
		Release|ARM = Release|ARM
		Release|iPhone = Release|iPhone
		Release|iPhoneSimulator = Release|iPhoneSimulator
		Release|x64 = Release|x64
		Release|x86 = Release|x86
	EndGlobalSection
	GlobalSection(ProjectConfigurationPlatforms) = postSolution
		{7C0A3054-5FBA-4B17-91F0-BA4E4F572337}.Debug|Any CPU.ActiveCfg = Debug|x86
		{7C0A3054-5FBA-4B17-91F0-BA4E4F572337}.Debug|Any CPU.Build.0 = Debug|x86
		{7C0A3054-5FBA-4B17-91F0-BA4E4F572337}.Debug|Any CPU.Deploy.0 = Debug|x86
		{7C0A3054-5FBA-4B17-91F0-BA4E4F572337}.Debug|ARM.ActiveCfg = Debug|ARM
		{7C0A3054-5FBA-4B17-91F0-BA4E4F572337}.Debug|ARM.Build.0 = Debug|ARM
		{7C0A3054-5FBA-4B17-91F0-BA4E4F572337}.Debug|ARM.Deploy.0 = Debug|ARM
		{7C0A3054-5FBA-4B17-91F0-BA4E4F572337}.Debug|iPhone.ActiveCfg = Debug|x86
		{7C0A3054-5FBA-4B17-91F0-BA4E4F572337}.Debug|iPhone.Build.0 = Debug|x86
		{7C0A3054-5FBA-4B17-91F0-BA4E4F572337}.Debug|iPhone.Deploy.0 = Debug|x86
		{7C0A3054-5FBA-4B17-91F0-BA4E4F572337}.Debug|iPhoneSimulator.ActiveCfg = Debug|x86
		{7C0A3054-5FBA-4B17-91F0-BA4E4F572337}.Debug|iPhoneSimulator.Build.0 = Debug|x86
		{7C0A3054-5FBA-4B17-91F0-BA4E4F572337}.Debug|iPhoneSimulator.Deploy.0 = Debug|x86
		{7C0A3054-5FBA-4B17-91F0-BA4E4F572337}.Debug|x64.ActiveCfg = Debug|x64
		{7C0A3054-5FBA-4B17-91F0-BA4E4F572337}.Debug|x64.Build.0 = Debug|x64
		{7C0A3054-5FBA-4B17-91F0-BA4E4F572337}.Debug|x64.Deploy.0 = Debug|x64
		{7C0A3054-5FBA-4B17-91F0-BA4E4F572337}.Debug|x86.ActiveCfg = Debug|x86
		{7C0A3054-5FBA-4B17-91F0-BA4E4F572337}.Debug|x86.Build.0 = Debug|x86
		{7C0A3054-5FBA-4B17-91F0-BA4E4F572337}.Debug|x86.Deploy.0 = Debug|x86
		{7C0A3054-5FBA-4B17-91F0-BA4E4F572337}.Release|Any CPU.ActiveCfg = Release|x86
		{7C0A3054-5FBA-4B17-91F0-BA4E4F572337}.Release|Any CPU.Build.0 = Release|x86
		{7C0A3054-5FBA-4B17-91F0-BA4E4F572337}.Release|Any CPU.Deploy.0 = Release|x86
		{7C0A3054-5FBA-4B17-91F0-BA4E4F572337}.Release|ARM.ActiveCfg = Release|ARM
		{7C0A3054-5FBA-4B17-91F0-BA4E4F572337}.Release|ARM.Build.0 = Release|ARM
		{7C0A3054-5FBA-4B17-91F0-BA4E4F572337}.Release|ARM.Deploy.0 = Release|ARM
		{7C0A3054-5FBA-4B17-91F0-BA4E4F572337}.Release|iPhone.ActiveCfg = Release|x86
		{7C0A3054-5FBA-4B17-91F0-BA4E4F572337}.Release|iPhone.Build.0 = Release|x86
		{7C0A3054-5FBA-4B17-91F0-BA4E4F572337}.Release|iPhone.Deploy.0 = Release|x86
		{7C0A3054-5FBA-4B17-91F0-BA4E4F572337}.Release|iPhoneSimulator.ActiveCfg = Release|x86
		{7C0A3054-5FBA-4B17-91F0-BA4E4F572337}.Release|iPhoneSimulator.Build.0 = Release|x86
		{7C0A3054-5FBA-4B17-91F0-BA4E4F572337}.Release|iPhoneSimulator.Deploy.0 = Release|x86
		{7C0A3054-5FBA-4B17-91F0-BA4E4F572337}.Release|x64.ActiveCfg = Release|x64
		{7C0A3054-5FBA-4B17-91F0-BA4E4F572337}.Release|x64.Build.0 = Release|x64
		{7C0A3054-5FBA-4B17-91F0-BA4E4F572337}.Release|x64.Deploy.0 = Release|x64
		{7C0A3054-5FBA-4B17-91F0-BA4E4F572337}.Release|x86.ActiveCfg = Release|x86
		{7C0A3054-5FBA-4B17-91F0-BA4E4F572337}.Release|x86.Build.0 = Release|x86
		{7C0A3054-5FBA-4B17-91F0-BA4E4F572337}.Release|x86.Deploy.0 = Release|x86
		{EF136EB8-99F2-472F-A79F-C09102AA2F89}.Debug|Any CPU.ActiveCfg = Debug|Any CPU
		{EF136EB8-99F2-472F-A79F-C09102AA2F89}.Debug|Any CPU.Build.0 = Debug|Any CPU
		{EF136EB8-99F2-472F-A79F-C09102AA2F89}.Debug|Any CPU.Deploy.0 = Debug|Any CPU
		{EF136EB8-99F2-472F-A79F-C09102AA2F89}.Debug|ARM.ActiveCfg = Debug|Any CPU
		{EF136EB8-99F2-472F-A79F-C09102AA2F89}.Debug|ARM.Build.0 = Debug|Any CPU
		{EF136EB8-99F2-472F-A79F-C09102AA2F89}.Debug|ARM.Deploy.0 = Debug|Any CPU
		{EF136EB8-99F2-472F-A79F-C09102AA2F89}.Debug|iPhone.ActiveCfg = Debug|Any CPU
		{EF136EB8-99F2-472F-A79F-C09102AA2F89}.Debug|iPhone.Build.0 = Debug|Any CPU
		{EF136EB8-99F2-472F-A79F-C09102AA2F89}.Debug|iPhone.Deploy.0 = Debug|Any CPU
		{EF136EB8-99F2-472F-A79F-C09102AA2F89}.Debug|iPhoneSimulator.ActiveCfg = Debug|Any CPU
		{EF136EB8-99F2-472F-A79F-C09102AA2F89}.Debug|iPhoneSimulator.Build.0 = Debug|Any CPU
		{EF136EB8-99F2-472F-A79F-C09102AA2F89}.Debug|iPhoneSimulator.Deploy.0 = Debug|Any CPU
		{EF136EB8-99F2-472F-A79F-C09102AA2F89}.Debug|x64.ActiveCfg = Debug|Any CPU
		{EF136EB8-99F2-472F-A79F-C09102AA2F89}.Debug|x64.Build.0 = Debug|Any CPU
		{EF136EB8-99F2-472F-A79F-C09102AA2F89}.Debug|x64.Deploy.0 = Debug|Any CPU
		{EF136EB8-99F2-472F-A79F-C09102AA2F89}.Debug|x86.ActiveCfg = Debug|Any CPU
		{EF136EB8-99F2-472F-A79F-C09102AA2F89}.Debug|x86.Build.0 = Debug|Any CPU
		{EF136EB8-99F2-472F-A79F-C09102AA2F89}.Debug|x86.Deploy.0 = Debug|Any CPU
		{EF136EB8-99F2-472F-A79F-C09102AA2F89}.Release|Any CPU.ActiveCfg = Release|Any CPU
		{EF136EB8-99F2-472F-A79F-C09102AA2F89}.Release|Any CPU.Build.0 = Release|Any CPU
		{EF136EB8-99F2-472F-A79F-C09102AA2F89}.Release|Any CPU.Deploy.0 = Release|Any CPU
		{EF136EB8-99F2-472F-A79F-C09102AA2F89}.Release|ARM.ActiveCfg = Release|Any CPU
		{EF136EB8-99F2-472F-A79F-C09102AA2F89}.Release|ARM.Build.0 = Release|Any CPU
		{EF136EB8-99F2-472F-A79F-C09102AA2F89}.Release|ARM.Deploy.0 = Release|Any CPU
		{EF136EB8-99F2-472F-A79F-C09102AA2F89}.Release|iPhone.ActiveCfg = Release|Any CPU
		{EF136EB8-99F2-472F-A79F-C09102AA2F89}.Release|iPhone.Build.0 = Release|Any CPU
		{EF136EB8-99F2-472F-A79F-C09102AA2F89}.Release|iPhone.Deploy.0 = Release|Any CPU
		{EF136EB8-99F2-472F-A79F-C09102AA2F89}.Release|iPhoneSimulator.ActiveCfg = Release|Any CPU
		{EF136EB8-99F2-472F-A79F-C09102AA2F89}.Release|iPhoneSimulator.Build.0 = Release|Any CPU
		{EF136EB8-99F2-472F-A79F-C09102AA2F89}.Release|iPhoneSimulator.Deploy.0 = Release|Any CPU
		{EF136EB8-99F2-472F-A79F-C09102AA2F89}.Release|x64.ActiveCfg = Release|Any CPU
		{EF136EB8-99F2-472F-A79F-C09102AA2F89}.Release|x64.Build.0 = Release|Any CPU
		{EF136EB8-99F2-472F-A79F-C09102AA2F89}.Release|x64.Deploy.0 = Release|Any CPU
		{EF136EB8-99F2-472F-A79F-C09102AA2F89}.Release|x86.ActiveCfg = Release|Any CPU
		{EF136EB8-99F2-472F-A79F-C09102AA2F89}.Release|x86.Build.0 = Release|Any CPU
		{EF136EB8-99F2-472F-A79F-C09102AA2F89}.Release|x86.Deploy.0 = Release|Any CPU
		{6B5A189F-FD5F-430E-8C8C-4881204024DF}.Debug|Any CPU.ActiveCfg = Debug|iPhone
		{6B5A189F-FD5F-430E-8C8C-4881204024DF}.Debug|Any CPU.Build.0 = Debug|iPhone
		{6B5A189F-FD5F-430E-8C8C-4881204024DF}.Debug|Any CPU.Deploy.0 = Debug|iPhone
		{6B5A189F-FD5F-430E-8C8C-4881204024DF}.Debug|ARM.ActiveCfg = Debug|iPhoneSimulator
		{6B5A189F-FD5F-430E-8C8C-4881204024DF}.Debug|ARM.Build.0 = Debug|iPhoneSimulator
		{6B5A189F-FD5F-430E-8C8C-4881204024DF}.Debug|ARM.Deploy.0 = Debug|iPhoneSimulator
		{6B5A189F-FD5F-430E-8C8C-4881204024DF}.Debug|iPhone.ActiveCfg = Debug|iPhone
		{6B5A189F-FD5F-430E-8C8C-4881204024DF}.Debug|iPhone.Build.0 = Debug|iPhone
		{6B5A189F-FD5F-430E-8C8C-4881204024DF}.Debug|iPhone.Deploy.0 = Debug|iPhone
		{6B5A189F-FD5F-430E-8C8C-4881204024DF}.Debug|iPhoneSimulator.ActiveCfg = Debug|iPhoneSimulator
		{6B5A189F-FD5F-430E-8C8C-4881204024DF}.Debug|iPhoneSimulator.Build.0 = Debug|iPhoneSimulator
		{6B5A189F-FD5F-430E-8C8C-4881204024DF}.Debug|iPhoneSimulator.Deploy.0 = Debug|iPhoneSimulator
		{6B5A189F-FD5F-430E-8C8C-4881204024DF}.Debug|x64.ActiveCfg = Debug|iPhone
		{6B5A189F-FD5F-430E-8C8C-4881204024DF}.Debug|x64.Build.0 = Debug|iPhone
		{6B5A189F-FD5F-430E-8C8C-4881204024DF}.Debug|x64.Deploy.0 = Debug|iPhone
		{6B5A189F-FD5F-430E-8C8C-4881204024DF}.Debug|x86.ActiveCfg = Debug|iPhone
		{6B5A189F-FD5F-430E-8C8C-4881204024DF}.Debug|x86.Build.0 = Debug|iPhone
		{6B5A189F-FD5F-430E-8C8C-4881204024DF}.Debug|x86.Deploy.0 = Debug|iPhone
		{6B5A189F-FD5F-430E-8C8C-4881204024DF}.Release|Any CPU.ActiveCfg = Release|iPhone
		{6B5A189F-FD5F-430E-8C8C-4881204024DF}.Release|Any CPU.Build.0 = Release|iPhone
		{6B5A189F-FD5F-430E-8C8C-4881204024DF}.Release|Any CPU.Deploy.0 = Release|iPhone
		{6B5A189F-FD5F-430E-8C8C-4881204024DF}.Release|ARM.ActiveCfg = Release|iPhone
		{6B5A189F-FD5F-430E-8C8C-4881204024DF}.Release|ARM.Build.0 = Release|iPhone
		{6B5A189F-FD5F-430E-8C8C-4881204024DF}.Release|ARM.Deploy.0 = Release|iPhone
		{6B5A189F-FD5F-430E-8C8C-4881204024DF}.Release|iPhone.ActiveCfg = Release|iPhone
		{6B5A189F-FD5F-430E-8C8C-4881204024DF}.Release|iPhone.Build.0 = Release|iPhone
		{6B5A189F-FD5F-430E-8C8C-4881204024DF}.Release|iPhone.Deploy.0 = Release|iPhone
		{6B5A189F-FD5F-430E-8C8C-4881204024DF}.Release|iPhoneSimulator.ActiveCfg = Release|iPhoneSimulator
		{6B5A189F-FD5F-430E-8C8C-4881204024DF}.Release|iPhoneSimulator.Build.0 = Release|iPhoneSimulator
		{6B5A189F-FD5F-430E-8C8C-4881204024DF}.Release|iPhoneSimulator.Deploy.0 = Release|iPhoneSimulator
		{6B5A189F-FD5F-430E-8C8C-4881204024DF}.Release|x64.ActiveCfg = Release|iPhone
		{6B5A189F-FD5F-430E-8C8C-4881204024DF}.Release|x64.Build.0 = Release|iPhone
		{6B5A189F-FD5F-430E-8C8C-4881204024DF}.Release|x64.Deploy.0 = Release|iPhone
		{6B5A189F-FD5F-430E-8C8C-4881204024DF}.Release|x86.ActiveCfg = Release|iPhone
		{6B5A189F-FD5F-430E-8C8C-4881204024DF}.Release|x86.Build.0 = Release|iPhone
		{6B5A189F-FD5F-430E-8C8C-4881204024DF}.Release|x86.Deploy.0 = Release|iPhone
		{5FC228BA-B0CB-4BBC-B9D2-068E8364EB7E}.Debug|Any CPU.ActiveCfg = Debug|Any CPU
		{5FC228BA-B0CB-4BBC-B9D2-068E8364EB7E}.Debug|Any CPU.Build.0 = Debug|Any CPU
		{5FC228BA-B0CB-4BBC-B9D2-068E8364EB7E}.Debug|Any CPU.Deploy.0 = Debug|Any CPU
		{5FC228BA-B0CB-4BBC-B9D2-068E8364EB7E}.Debug|ARM.ActiveCfg = Debug|Any CPU
		{5FC228BA-B0CB-4BBC-B9D2-068E8364EB7E}.Debug|ARM.Build.0 = Debug|Any CPU
		{5FC228BA-B0CB-4BBC-B9D2-068E8364EB7E}.Debug|ARM.Deploy.0 = Debug|Any CPU
		{5FC228BA-B0CB-4BBC-B9D2-068E8364EB7E}.Debug|iPhone.ActiveCfg = Debug|Any CPU
		{5FC228BA-B0CB-4BBC-B9D2-068E8364EB7E}.Debug|iPhone.Build.0 = Debug|Any CPU
		{5FC228BA-B0CB-4BBC-B9D2-068E8364EB7E}.Debug|iPhone.Deploy.0 = Debug|Any CPU
		{5FC228BA-B0CB-4BBC-B9D2-068E8364EB7E}.Debug|iPhoneSimulator.ActiveCfg = Debug|Any CPU
		{5FC228BA-B0CB-4BBC-B9D2-068E8364EB7E}.Debug|iPhoneSimulator.Build.0 = Debug|Any CPU
		{5FC228BA-B0CB-4BBC-B9D2-068E8364EB7E}.Debug|iPhoneSimulator.Deploy.0 = Debug|Any CPU
		{5FC228BA-B0CB-4BBC-B9D2-068E8364EB7E}.Debug|x64.ActiveCfg = Debug|Any CPU
		{5FC228BA-B0CB-4BBC-B9D2-068E8364EB7E}.Debug|x64.Build.0 = Debug|Any CPU
		{5FC228BA-B0CB-4BBC-B9D2-068E8364EB7E}.Debug|x64.Deploy.0 = Debug|Any CPU
		{5FC228BA-B0CB-4BBC-B9D2-068E8364EB7E}.Debug|x86.ActiveCfg = Debug|Any CPU
		{5FC228BA-B0CB-4BBC-B9D2-068E8364EB7E}.Debug|x86.Build.0 = Debug|Any CPU
		{5FC228BA-B0CB-4BBC-B9D2-068E8364EB7E}.Debug|x86.Deploy.0 = Debug|Any CPU
		{5FC228BA-B0CB-4BBC-B9D2-068E8364EB7E}.Release|Any CPU.ActiveCfg = Release|Any CPU
		{5FC228BA-B0CB-4BBC-B9D2-068E8364EB7E}.Release|Any CPU.Build.0 = Release|Any CPU
		{5FC228BA-B0CB-4BBC-B9D2-068E8364EB7E}.Release|Any CPU.Deploy.0 = Release|Any CPU
		{5FC228BA-B0CB-4BBC-B9D2-068E8364EB7E}.Release|ARM.ActiveCfg = Release|Any CPU
		{5FC228BA-B0CB-4BBC-B9D2-068E8364EB7E}.Release|ARM.Build.0 = Release|Any CPU
		{5FC228BA-B0CB-4BBC-B9D2-068E8364EB7E}.Release|ARM.Deploy.0 = Release|Any CPU
		{5FC228BA-B0CB-4BBC-B9D2-068E8364EB7E}.Release|iPhone.ActiveCfg = Release|Any CPU
		{5FC228BA-B0CB-4BBC-B9D2-068E8364EB7E}.Release|iPhone.Build.0 = Release|Any CPU
		{5FC228BA-B0CB-4BBC-B9D2-068E8364EB7E}.Release|iPhone.Deploy.0 = Release|Any CPU
		{5FC228BA-B0CB-4BBC-B9D2-068E8364EB7E}.Release|iPhoneSimulator.ActiveCfg = Release|Any CPU
		{5FC228BA-B0CB-4BBC-B9D2-068E8364EB7E}.Release|iPhoneSimulator.Build.0 = Release|Any CPU
		{5FC228BA-B0CB-4BBC-B9D2-068E8364EB7E}.Release|iPhoneSimulator.Deploy.0 = Release|Any CPU
		{5FC228BA-B0CB-4BBC-B9D2-068E8364EB7E}.Release|x64.ActiveCfg = Release|Any CPU
		{5FC228BA-B0CB-4BBC-B9D2-068E8364EB7E}.Release|x64.Build.0 = Release|Any CPU
		{5FC228BA-B0CB-4BBC-B9D2-068E8364EB7E}.Release|x64.Deploy.0 = Release|Any CPU
		{5FC228BA-B0CB-4BBC-B9D2-068E8364EB7E}.Release|x86.ActiveCfg = Release|Any CPU
		{5FC228BA-B0CB-4BBC-B9D2-068E8364EB7E}.Release|x86.Build.0 = Release|Any CPU
		{5FC228BA-B0CB-4BBC-B9D2-068E8364EB7E}.Release|x86.Deploy.0 = Release|Any CPU
	EndGlobalSection
	GlobalSection(SolutionProperties) = preSolution
		HideSolutionNode = FALSE
	EndGlobalSection
	GlobalSection(ExtensibilityGlobals) = postSolution
		SolutionGuid = {E004691B-E913-4347-968C-31F7C8356129}
	EndGlobalSection
EndGlobal
